Microsoft Visual Studio Solution File, Format Version 11.00
# Visual Studio 2008

Project("{731919EE-4071-AD00-A1B0-AAFDBE17CC11}") = "Autoball", "Assembly-CSharp-firstpass-vs.csproj", "{6A3F4857-88EA-0C61-E9EB-F9656FF6F468}"
EndProject
Project("{731919EE-4071-AD00-A1B0-AAFDBE17CC11}") = "Autoball", "Assembly-CSharp-vs.csproj", "{26531A7E-7CF5-E35B-8A13-5D3FCAC3A4C6}"
EndProject
Global
	GlobalSection(SolutionConfigurationPlatforms) = preSolution
		Debug|Any CPU = Debug|Any CPU
		Release|Any CPU = Release|Any CPU
	EndGlobalSection
	GlobalSection(ProjectConfigurationPlatforms) = postSolution
		{6A3F4857-88EA-0C61-E9EB-F9656FF6F468}.Debug|Any CPU.ActiveCfg = Debug|Any CPU
		{6A3F4857-88EA-0C61-E9EB-F9656FF6F468}.Debug|Any CPU.Build.0 = Debug|Any CPU
		{6A3F4857-88EA-0C61-E9EB-F9656FF6F468}.Release|Any CPU.ActiveCfg = Release|Any CPU
		{6A3F4857-88EA-0C61-E9EB-F9656FF6F468}.Release|Any CPU.Build.0 = Release|Any CPU
		{26531A7E-7CF5-E35B-8A13-5D3FCAC3A4C6}.Debug|Any CPU.ActiveCfg = Debug|Any CPU
		{26531A7E-7CF5-E35B-8A13-5D3FCAC3A4C6}.Debug|Any CPU.Build.0 = Debug|Any CPU
		{26531A7E-7CF5-E35B-8A13-5D3FCAC3A4C6}.Release|Any CPU.ActiveCfg = Release|Any CPU
		{26531A7E-7CF5-E35B-8A13-5D3FCAC3A4C6}.Release|Any CPU.Build.0 = Release|Any CPU
	EndGlobalSection
	GlobalSection(SolutionProperties) = preSolution
		HideSolutionNode = FALSE
	EndGlobalSection
																																																				GlobalSection(MonoDevelopProperties) = preSolution
																																																					GlobalSection(MonoDevelopProperties) = preSolution
		StartupItem = Assembly-CSharp.csproj
		Policies = $0
		$0.TextStylePolicy = $1
		$1.inheritsSet = null
		$1.scope = text/x-csharp
		$0.CSharpFormattingPolicy = $2
		$2.inheritsSet = Mono
		$2.inheritsScope = text/x-csharp
		$2.scope = text/x-csharp
		$0.TextStylePolicy = $3
		$3.FileWidth = 120
		$3.TabWidth = 4
		$3.EolMarker = Unix
		$3.inheritsSet = Mono
		$3.inheritsScope = text/plain
		$3.scope = text/plain
	EndGlobalSection

EndGlobal
