Microsoft Visual Studio Solution File, Format Version 11.00
# Visual Studio 2008

Project("{56598935-51D2-1193-52E3-F5E4E7984163}") = "autoball", "Assembly-CSharp-firstpass.csproj", "{A40BE273-DA09-BDBC-5AD9-B0FE613547AC}"
EndProject
Project("{56598935-51D2-1193-52E3-F5E4E7984163}") = "autoball", "Assembly-CSharp.csproj", "{E90D52AD-E5D3-06DB-28D3-EABC233538B8}"
EndProject
Project("{56598935-51D2-1193-52E3-F5E4E7984163}") = "autoball", "Assembly-UnityScript-firstpass.unityproj", "{C6990D84-863F-EFA7-A167-818F45073ACD}"
EndProject
Project("{56598935-51D2-1193-52E3-F5E4E7984163}") = "autoball", "Assembly-UnityScript.unityproj", "{0FCFCEDB-BBB2-EE7B-6232-E94B673710EC}"
EndProject
Global
	GlobalSection(SolutionConfigurationPlatforms) = preSolution
		Debug|Any CPU = Debug|Any CPU
		Release|Any CPU = Release|Any CPU
	EndGlobalSection
	GlobalSection(ProjectConfigurationPlatforms) = postSolution
		{A40BE273-DA09-BDBC-5AD9-B0FE613547AC}.Debug|Any CPU.ActiveCfg = Debug|Any CPU
		{A40BE273-DA09-BDBC-5AD9-B0FE613547AC}.Debug|Any CPU.Build.0 = Debug|Any CPU
		{A40BE273-DA09-BDBC-5AD9-B0FE613547AC}.Release|Any CPU.ActiveCfg = Release|Any CPU
		{A40BE273-DA09-BDBC-5AD9-B0FE613547AC}.Release|Any CPU.Build.0 = Release|Any CPU
		{E90D52AD-E5D3-06DB-28D3-EABC233538B8}.Debug|Any CPU.ActiveCfg = Debug|Any CPU
		{E90D52AD-E5D3-06DB-28D3-EABC233538B8}.Debug|Any CPU.Build.0 = Debug|Any CPU
		{E90D52AD-E5D3-06DB-28D3-EABC233538B8}.Release|Any CPU.ActiveCfg = Release|Any CPU
		{E90D52AD-E5D3-06DB-28D3-EABC233538B8}.Release|Any CPU.Build.0 = Release|Any CPU
		{C6990D84-863F-EFA7-A167-818F45073ACD}.Debug|Any CPU.ActiveCfg = Debug|Any CPU
		{C6990D84-863F-EFA7-A167-818F45073ACD}.Debug|Any CPU.Build.0 = Debug|Any CPU
		{C6990D84-863F-EFA7-A167-818F45073ACD}.Release|Any CPU.ActiveCfg = Release|Any CPU
		{C6990D84-863F-EFA7-A167-818F45073ACD}.Release|Any CPU.Build.0 = Release|Any CPU
		{0FCFCEDB-BBB2-EE7B-6232-E94B673710EC}.Debug|Any CPU.ActiveCfg = Debug|Any CPU
		{0FCFCEDB-BBB2-EE7B-6232-E94B673710EC}.Debug|Any CPU.Build.0 = Debug|Any CPU
		{0FCFCEDB-BBB2-EE7B-6232-E94B673710EC}.Release|Any CPU.ActiveCfg = Release|Any CPU
		{0FCFCEDB-BBB2-EE7B-6232-E94B673710EC}.Release|Any CPU.Build.0 = Release|Any CPU
	EndGlobalSection
	GlobalSection(SolutionProperties) = preSolution
		HideSolutionNode = FALSE
	EndGlobalSection
																																																			GlobalSection(MonoDevelopProperties) = preSolution
		StartupItem = Assembly-CSharp.csproj
		Policies = $0
		$0.TextStylePolicy = $1
		$1.inheritsSet = null
		$1.scope = text/x-csharp
		$0.CSharpFormattingPolicy = $2
		$2.inheritsSet = Mono
		$2.inheritsScope = text/x-csharp
		$2.scope = text/x-csharp
		$0.TextStylePolicy = $3
		$3.FileWidth = 120
		$3.TabWidth = 4
		$3.EolMarker = Unix
		$3.inheritsSet = Mono
		$3.inheritsScope = text/plain
		$3.scope = text/plain
	EndGlobalSection

EndGlobal
